// !$*UTF8*$!
{
	archiveVersion = 1;
	classes = {
	};
	objectVersion = 46;
	objects = {

/* Begin PBXBuildFile section */
		77E0B9511A9EDC0200350F75 /* AppDelegate.swift in Sources */ = {isa = PBXBuildFile; fileRef = 77E0B9501A9EDC0200350F75 /* AppDelegate.swift */; };
		77E0B9531A9EDC0200350F75 /* ViewController.swift in Sources */ = {isa = PBXBuildFile; fileRef = 77E0B9521A9EDC0200350F75 /* ViewController.swift */; };
		77E0B9561A9EDC0200350F75 /* Main.storyboard in Resources */ = {isa = PBXBuildFile; fileRef = 77E0B9541A9EDC0200350F75 /* Main.storyboard */; };
		77E0B9581A9EDC0200350F75 /* Images.xcassets in Resources */ = {isa = PBXBuildFile; fileRef = 77E0B9571A9EDC0200350F75 /* Images.xcassets */; };
		77E0B95B1A9EDC0200350F75 /* LaunchScreen.xib in Resources */ = {isa = PBXBuildFile; fileRef = 77E0B9591A9EDC0200350F75 /* LaunchScreen.xib */; };
		77E0B9671A9EDC0200350F75 /* TimesTableTests.swift in Sources */ = {isa = PBXBuildFile; fileRef = 77E0B9661A9EDC0200350F75 /* TimesTableTests.swift */; };
/* End PBXBuildFile section */

/* Begin PBXContainerItemProxy section */
		77E0B9611A9EDC0200350F75 /* PBXContainerItemProxy */ = {
			isa = PBXContainerItemProxy;
			containerPortal = 77E0B9431A9EDC0200350F75 /* Project object */;
			proxyType = 1;
			remoteGlobalIDString = 77E0B94A1A9EDC0200350F75;
			remoteInfo = TimesTable;
		};
/* End PBXContainerItemProxy section */

/* Begin PBXFileReference section */
		77E0B94B1A9EDC0200350F75 /* TimesTable.app */ = {isa = PBXFileReference; explicitFileType = wrapper.application; includeInIndex = 0; path = TimesTable.app; sourceTree = BUILT_PRODUCTS_DIR; };
		77E0B94F1A9EDC0200350F75 /* Info.plist */ = {isa = PBXFileReference; lastKnownFileType = text.plist.xml; path = Info.plist; sourceTree = "<group>"; };
		77E0B9501A9EDC0200350F75 /* AppDelegate.swift */ = {isa = PBXFileReference; lastKnownFileType = sourcecode.swift; path = AppDelegate.swift; sourceTree = "<group>"; };
		77E0B9521A9EDC0200350F75 /* ViewController.swift */ = {isa = PBXFileReference; lastKnownFileType = sourcecode.swift; path = ViewController.swift; sourceTree = "<group>"; };
		77E0B9551A9EDC0200350F75 /* Base */ = {isa = PBXFileReference; lastKnownFileType = file.storyboard; name = Base; path = Base.lproj/Main.storyboard; sourceTree = "<group>"; };
		77E0B9571A9EDC0200350F75 /* Images.xcassets */ = {isa = PBXFileReference; lastKnownFileType = folder.assetcatalog; path = Images.xcassets; sourceTree = "<group>"; };
		77E0B95A1A9EDC0200350F75 /* Base */ = {isa = PBXFileReference; lastKnownFileType = file.xib; name = Base; path = Base.lproj/LaunchScreen.xib; sourceTree = "<group>"; };
		77E0B9601A9EDC0200350F75 /* TimesTableTests.xctest */ = {isa = PBXFileReference; explicitFileType = wrapper.cfbundle; includeInIndex = 0; path = TimesTableTests.xctest; sourceTree = BUILT_PRODUCTS_DIR; };
		77E0B9651A9EDC0200350F75 /* Info.plist */ = {isa = PBXFileReference; lastKnownFileType = text.plist.xml; path = Info.plist; sourceTree = "<group>"; };
		77E0B9661A9EDC0200350F75 /* TimesTableTests.swift */ = {isa = PBXFileReference; lastKnownFileType = sourcecode.swift; path = TimesTableTests.swift; sourceTree = "<group>"; };
/* End PBXFileReference section */

/* Begin PBXFrameworksBuildPhase section */
		77E0B9481A9EDC0200350F75 /* Frameworks */ = {
			isa = PBXFrameworksBuildPhase;
			buildActionMask = 2147483647;
			files = (
			);
			runOnlyForDeploymentPostprocessing = 0;
		};
		77E0B95D1A9EDC0200350F75 /* Frameworks */ = {
			isa = PBXFrameworksBuildPhase;
			buildActionMask = 2147483647;
			files = (
			);
			runOnlyForDeploymentPostprocessing = 0;
		};
/* End PBXFrameworksBuildPhase section */

/* Begin PBXGroup section */
		77E0B9421A9EDC0200350F75 = {
			isa = PBXGroup;
			children = (
				77E0B94D1A9EDC0200350F75 /* TimesTable */,
				77E0B9631A9EDC0200350F75 /* TimesTableTests */,
				77E0B94C1A9EDC0200350F75 /* Products */,
			);
			sourceTree = "<group>";
		};
		77E0B94C1A9EDC0200350F75 /* Products */ = {
			isa = PBXGroup;
			children = (
				77E0B94B1A9EDC0200350F75 /* TimesTable.app */,
				77E0B9601A9EDC0200350F75 /* TimesTableTests.xctest */,
			);
			name = Products;
			sourceTree = "<group>";
		};
		77E0B94D1A9EDC0200350F75 /* TimesTable */ = {
			isa = PBXGroup;
			children = (
				77E0B9501A9EDC0200350F75 /* AppDelegate.swift */,
				77E0B9521A9EDC0200350F75 /* ViewController.swift */,
				77E0B9541A9EDC0200350F75 /* Main.storyboard */,
				77E0B9571A9EDC0200350F75 /* Images.xcassets */,
				77E0B9591A9EDC0200350F75 /* LaunchScreen.xib */,
				77E0B94E1A9EDC0200350F75 /* Supporting Files */,
			);
			path = TimesTable;
			sourceTree = "<group>";
		};
		77E0B94E1A9EDC0200350F75 /* Supporting Files */ = {
			isa = PBXGroup;
			children = (
				77E0B94F1A9EDC0200350F75 /* Info.plist */,
			);
			name = "Supporting Files";
			sourceTree = "<group>";
		};
		77E0B9631A9EDC0200350F75 /* TimesTableTests */ = {
			isa = PBXGroup;
			children = (
				77E0B9661A9EDC0200350F75 /* TimesTableTests.swift */,
				77E0B9641A9EDC0200350F75 /* Supporting Files */,
			);
			path = TimesTableTests;
			sourceTree = "<group>";
		};
		77E0B9641A9EDC0200350F75 /* Supporting Files */ = {
			isa = PBXGroup;
			children = (
				77E0B9651A9EDC0200350F75 /* Info.plist */,
			);
			name = "Supporting Files";
			sourceTree = "<group>";
		};
/* End PBXGroup section */

/* Begin PBXNativeTarget section */
		77E0B94A1A9EDC0200350F75 /* TimesTable */ = {
			isa = PBXNativeTarget;
			buildConfigurationList = 77E0B96A1A9EDC0200350F75 /* Build configuration list for PBXNativeTarget "TimesTable" */;
			buildPhases = (
				77E0B9471A9EDC0200350F75 /* Sources */,
				77E0B9481A9EDC0200350F75 /* Frameworks */,
				77E0B9491A9EDC0200350F75 /* Resources */,
			);
			buildRules = (
			);
			dependencies = (
			);
			name = TimesTable;
			productName = TimesTable;
			productReference = 77E0B94B1A9EDC0200350F75 /* TimesTable.app */;
			productType = "com.apple.product-type.application";
		};
		77E0B95F1A9EDC0200350F75 /* TimesTableTests */ = {
			isa = PBXNativeTarget;
			buildConfigurationList = 77E0B96D1A9EDC0200350F75 /* Build configuration list for PBXNativeTarget "TimesTableTests" */;
			buildPhases = (
				77E0B95C1A9EDC0200350F75 /* Sources */,
				77E0B95D1A9EDC0200350F75 /* Frameworks */,
				77E0B95E1A9EDC0200350F75 /* Resources */,
			);
			buildRules = (
			);
			dependencies = (
				77E0B9621A9EDC0200350F75 /* PBXTargetDependency */,
			);
			name = TimesTableTests;
			productName = TimesTableTests;
			productReference = 77E0B9601A9EDC0200350F75 /* TimesTableTests.xctest */;
			productType = "com.apple.product-type.bundle.unit-test";
		};
/* End PBXNativeTarget section */

/* Begin PBXProject section */
		77E0B9431A9EDC0200350F75 /* Project object */ = {
			isa = PBXProject;
			attributes = {
				LastUpgradeCheck = 0610;
				ORGANIZATIONNAME = "Rommel Rico";
				TargetAttributes = {
					77E0B94A1A9EDC0200350F75 = {
						CreatedOnToolsVersion = 6.1.1;
					};
					77E0B95F1A9EDC0200350F75 = {
						CreatedOnToolsVersion = 6.1.1;
						TestTargetID = 77E0B94A1A9EDC0200350F75;
					};
				};
			};
			buildConfigurationList = 77E0B9461A9EDC0200350F75 /* Build configuration list for PBXProject "TimesTable" */;
			compatibilityVersion = "Xcode 3.2";
			developmentRegion = English;
			hasScannedForEncodings = 0;
			knownRegions = (
				en,
				Base,
			);
			mainGroup = 77E0B9421A9EDC0200350F75;
			productRefGroup = 77E0B94C1A9EDC0200350F75 /* Products */;
			projectDirPath = "";
			projectRoot = "";
			targets = (
				77E0B94A1A9EDC0200350F75 /* TimesTable */,
				77E0B95F1A9EDC0200350F75 /* TimesTableTests */,
			);
		};
/* End PBXProject section */

/* Begin PBXResourcesBuildPhase section */
		77E0B9491A9EDC0200350F75 /* Resources */ = {
			isa = PBXResourcesBuildPhase;
			buildActionMask = 2147483647;
			files = (
				77E0B9561A9EDC0200350F75 /* Main.storyboard in Resources */,
				77E0B95B1A9EDC0200350F75 /* LaunchScreen.xib in Resources */,
				77E0B9581A9EDC0200350F75 /* Images.xcassets in Resources */,
			);
			runOnlyForDeploymentPostprocessing = 0;
		};
		77E0B95E1A9EDC0200350F75 /* Resources */ = {
			isa = PBXResourcesBuildPhase;
			buildActionMask = 2147483647;
			files = (
			);
			runOnlyForDeploymentPostprocessing = 0;
		};
/* End PBXResourcesBuildPhase section */

/* Begin PBXSourcesBuildPhase section */
		77E0B9471A9EDC0200350F75 /* Sources */ = {
			isa = PBXSourcesBuildPhase;
			buildActionMask = 2147483647;
			files = (
				77E0B9531A9EDC0200350F75 /* ViewController.swift in Sources */,
				77E0B9511A9EDC0200350F75 /* AppDelegate.swift in Sources */,
			);
			runOnlyForDeploymentPostprocessing = 0;
		};
		77E0B95C1A9EDC0200350F75 /* Sources */ = {
			isa = PBXSourcesBuildPhase;
			buildActionMask = 2147483647;
			files = (
				77E0B9671A9EDC0200350F75 /* TimesTableTests.swift in Sources */,
			);
			runOnlyForDeploymentPostprocessing = 0;
		};
/* End PBXSourcesBuildPhase section */

/* Begin PBXTargetDependency section */
		77E0B9621A9EDC0200350F75 /* PBXTargetDependency */ = {
			isa = PBXTargetDependency;
			target = 77E0B94A1A9EDC0200350F75 /* TimesTable */;
			targetProxy = 77E0B9611A9EDC0200350F75 /* PBXContainerItemProxy */;
		};
/* End PBXTargetDependency section */

/* Begin PBXVariantGroup section */
		77E0B9541A9EDC0200350F75 /* Main.storyboard */ = {
			isa = PBXVariantGroup;
			children = (
				77E0B9551A9EDC0200350F75 /* Base */,
			);
			name = Main.storyboard;
			sourceTree = "<group>";
		};
		77E0B9591A9EDC0200350F75 /* LaunchScreen.xib */ = {
			isa = PBXVariantGroup;
			children = (
				77E0B95A1A9EDC0200350F75 /* Base */,
			);
			name = LaunchScreen.xib;
			sourceTree = "<group>";
		};
/* End PBXVariantGroup section */

/* Begin XCBuildConfiguration section */
		77E0B9681A9EDC0200350F75 /* Debug */ = {
			isa = XCBuildConfiguration;
			buildSettings = {
				ALWAYS_SEARCH_USER_PATHS = NO;
				CLANG_CXX_LANGUAGE_STANDARD = "gnu++0x";
				CLANG_CXX_LIBRARY = "libc++";
				CLANG_ENABLE_MODULES = YES;
				CLANG_ENABLE_OBJC_ARC = YES;
				CLANG_WARN_BOOL_CONVERSION = YES;
				CLANG_WARN_CONSTANT_CONVERSION = YES;
				CLANG_WARN_DIRECT_OBJC_ISA_USAGE = YES_ERROR;
				CLANG_WARN_EMPTY_BODY = YES;
				CLANG_WARN_ENUM_CONVERSION = YES;
				CLANG_WARN_INT_CONVERSION = YES;
				CLANG_WARN_OBJC_ROOT_CLASS = YES_ERROR;
				CLANG_WARN_UNREACHABLE_CODE = YES;
				CLANG_WARN__DUPLICATE_METHOD_MATCH = YES;
				"CODE_SIGN_IDENTITY[sdk=iphoneos*]" = "iPhone Developer";
				COPY_PHASE_STRIP = NO;
				ENABLE_STRICT_OBJC_MSGSEND = YES;
				GCC_C_LANGUAGE_STANDARD = gnu99;
				GCC_DYNAMIC_NO_PIC = NO;
				GCC_OPTIMIZATION_LEVEL = 0;
				GCC_PREPROCESSOR_DEFINITIONS = (
					"DEBUG=1",
					"$(inherited)",
				);
				GCC_SYMBOLS_PRIVATE_EXTERN = NO;
				GCC_WARN_64_TO_32_BIT_CONVERSION = YES;
				GCC_WARN_ABOUT_RETURN_TYPE = YES_ERROR;
				GCC_WARN_UNDECLARED_SELECTOR = YES;
				GCC_WARN_UNINITIALIZED_AUTOS = YES_AGGRESSIVE;
				GCC_WARN_UNUSED_FUNCTION = YES;
				GCC_WARN_UNUSED_VARIABLE = YES;
				IPHONEOS_DEPLOYMENT_TARGET = 8.1;
				MTL_ENABLE_DEBUG_INFO = YES;
				ONLY_ACTIVE_ARCH = YES;
				SDKROOT = iphoneos;
				SWIFT_OPTIMIZATION_LEVEL = "-Onone";
				TARGETED_DEVICE_FAMILY = "1,2";
			};
			name = Debug;
		};
		77E0B9691A9EDC0200350F75 /* Release */ = {
			isa = XCBuildConfiguration;
			buildSettings = {
				ALWAYS_SEARCH_USER_PATHS = NO;
				CLANG_CXX_LANGUAGE_STANDARD = "gnu++0x";
				CLANG_CXX_LIBRARY = "libc++";
				CLANG_ENABLE_MODULES = YES;
				CLANG_ENABLE_OBJC_ARC = YES;
				CLANG_WARN_BOOL_CONVERSION = YES;
				CLANG_WARN_CONSTANT_CONVERSION = YES;
				CLANG_WARN_DIRECT_OBJC_ISA_USAGE = YES_ERROR;
				CLANG_WARN_EMPTY_BODY = YES;
				CLANG_WARN_ENUM_CONVERSION = YES;
				CLANG_WARN_INT_CONVERSION = YES;
				CLANG_WARN_OBJC_ROOT_CLASS = YES_ERROR;
				CLANG_WARN_UNREACHABLE_CODE = YES;
				CLANG_WARN__DUPLICATE_METHOD_MATCH = YES;
				"CODE_SIGN_IDENTITY[sdk=iphoneos*]" = "iPhone Developer";
				COPY_PHASE_STRIP = YES;
				ENABLE_NS_ASSERTIONS = NO;
				ENABLE_STRICT_OBJC_MSGSEND = YES;
				GCC_C_LANGUAGE_STANDARD = gnu99;
				GCC_WARN_64_TO_32_BIT_CONVERSION = YES;
				GCC_WARN_ABOUT_RETURN_TYPE = YES_ERROR;
				GCC_WARN_UNDECLARED_SELECTOR = YES;
				GCC_WARN_UNINITIALIZED_AUTOS = YES_AGGRESSIVE;
				GCC_WARN_UNUSED_FUNCTION = YES;
				GCC_WARN_UNUSED_VARIABLE = YES;
				IPHONEOS_DEPLOYMENT_TARGET = 8.1;
				MTL_ENABLE_DEBUG_INFO = NO;
				SDKROOT = iphoneos;
				TARGETED_DEVICE_FAMILY = "1,2";
				VALIDATE_PRODUCT = YES;
			};
			name = Release;
		};
		77E0B96B1A9EDC0200350F75 /* Debug */ = {
			isa = XCBuildConfiguration;
			buildSettings = {
				ASSETCATALOG_COMPILER_APPICON_NAME = AppIcon;
				INFOPLIST_FILE = TimesTable/Info.plist;
				LD_RUNPATH_SEARCH_PATHS = "$(inherited) @executable_path/Frameworks";
				PRODUCT_NAME = "$(TARGET_NAME)";
			};
			name = Debug;
		};
		77E0B96C1A9EDC0200350F75 /* Release */ = {
			isa = XCBuildConfiguration;
			buildSettings = {
				ASSETCATALOG_COMPILER_APPICON_NAME = AppIcon;
				INFOPLIST_FILE = TimesTable/Info.plist;
				LD_RUNPATH_SEARCH_PATHS = "$(inherited) @executable_path/Frameworks";
				PRODUCT_NAME = "$(TARGET_NAME)";
			};
			name = Release;
		};
		77E0B96E1A9EDC0200350F75 /* Debug */ = {
			isa = XCBuildConfiguration;
			buildSettings = {
				BUNDLE_LOADER = "$(TEST_HOST)";
				FRAMEWORK_SEARCH_PATHS = (
					"$(SDKROOT)/Developer/Library/Frameworks",
					"$(inherited)",
				);
				GCC_PREPROCESSOR_DEFINITIONS = (
					"DEBUG=1",
					"$(inherited)",
				);
				INFOPLIST_FILE = TimesTableTests/Info.plist;
				LD_RUNPATH_SEARCH_PATHS = "$(inherited) @executable_path/Frameworks @loader_path/Frameworks";
				PRODUCT_NAME = "$(TARGET_NAME)";
				TEST_HOST = "$(BUILT_PRODUCTS_DIR)/TimesTable.app/TimesTable";
			};
			name = Debug;
		};
		77E0B96F1A9EDC0200350F75 /* Release */ = {
			isa = XCBuildConfiguration;
			buildSettings = {
				BUNDLE_LOADER = "$(TEST_HOST)";
				FRAMEWORK_SEARCH_PATHS = (
					"$(SDKROOT)/Developer/Library/Frameworks",
					"$(inherited)",
				);
				INFOPLIST_FILE = TimesTableTests/Info.plist;
				LD_RUNPATH_SEARCH_PATHS = "$(inherited) @executable_path/Frameworks @loader_path/Frameworks";
				PRODUCT_NAME = "$(TARGET_NAME)";
				TEST_HOST = "$(BUILT_PRODUCTS_DIR)/TimesTable.app/TimesTable";
			};
			name = Release;
		};
/* End XCBuildConfiguration section */

/* Begin XCConfigurationList section */
		77E0B9461A9EDC0200350F75 /* Build configuration list for PBXProject "TimesTable" */ = {
			isa = XCConfigurationList;
			buildConfigurations = (
				77E0B9681A9EDC0200350F75 /* Debug */,
				77E0B9691A9EDC0200350F75 /* Release */,
			);
			defaultConfigurationIsVisible = 0;
			defaultConfigurationName = Release;
		};
		77E0B96A1A9EDC0200350F75 /* Build configuration list for PBXNativeTarget "TimesTable" */ = {
			isa = XCConfigurationList;
			buildConfigurations = (
				77E0B96B1A9EDC0200350F75 /* Debug */,
				77E0B96C1A9EDC0200350F75 /* Release */,
			);
			defaultConfigurationIsVisible = 0;
		};
		77E0B96D1A9EDC0200350F75 /* Build configuration list for PBXNativeTarget "TimesTableTests" */ = {
			isa = XCConfigurationList;
			buildConfigurations = (
				77E0B96E1A9EDC0200350F75 /* Debug */,
				77E0B96F1A9EDC0200350F75 /* Release */,
			);
			defaultConfigurationIsVisible = 0;
		};
/* End XCConfigurationList section */
	};
	rootObject = 77E0B9431A9EDC0200350F75 /* Project object */;
}
